// !$*UTF8*$!
{
	archiveVersion = 1;
	classes = {
	};
	objectVersion = 56;
	objects = {

/* Begin PBXBuildFile section */
		3C4879C2293512F10088120E /* SnapKit in Frameworks */ = {isa = PBXBuildFile; productRef = 3C4879C1293512F10088120E /* SnapKit */; };
		3CE1E2AE29338D9100983467 /* AppDelegate.swift in Sources */ = {isa = PBXBuildFile; fileRef = 3CE1E2AD29338D9100983467 /* AppDelegate.swift */; };
		3CE1E2B029338D9100983467 /* SceneDelegate.swift in Sources */ = {isa = PBXBuildFile; fileRef = 3CE1E2AF29338D9100983467 /* SceneDelegate.swift */; };
		3CE1E2B229338D9100983467 /* ViewController.swift in Sources */ = {isa = PBXBuildFile; fileRef = 3CE1E2B129338D9100983467 /* ViewController.swift */; };
		3CE1E2B529338D9100983467 /* Main.storyboard in Resources */ = {isa = PBXBuildFile; fileRef = 3CE1E2B329338D9100983467 /* Main.storyboard */; };
		3CE1E2B729338D9800983467 /* Assets.xcassets in Resources */ = {isa = PBXBuildFile; fileRef = 3CE1E2B629338D9800983467 /* Assets.xcassets */; };
		3CE1E2BA29338D9800983467 /* LaunchScreen.storyboard in Resources */ = {isa = PBXBuildFile; fileRef = 3CE1E2B829338D9800983467 /* LaunchScreen.storyboard */; };
		3CE1E2C529338D9800983467 /* TemplateLabTests.swift in Sources */ = {isa = PBXBuildFile; fileRef = 3CE1E2C429338D9800983467 /* TemplateLabTests.swift */; };
		3CE1E2CF29338D9800983467 /* TemplateLabUITests.swift in Sources */ = {isa = PBXBuildFile; fileRef = 3CE1E2CE29338D9800983467 /* TemplateLabUITests.swift */; };
		3CE1E2D129338D9800983467 /* TemplateLabUITestsLaunchTests.swift in Sources */ = {isa = PBXBuildFile; fileRef = 3CE1E2D029338D9800983467 /* TemplateLabUITestsLaunchTests.swift */; };
		3CE1E2DF29338F5D00983467 /* Alamofire in Frameworks */ = {isa = PBXBuildFile; productRef = 3CE1E2DE29338F5D00983467 /* Alamofire */; };
		3CE1E2E42933910900983467 /* SimpleVerticalListView.swift in Sources */ = {isa = PBXBuildFile; fileRef = 3CE1E2E32933910900983467 /* SimpleVerticalListView.swift */; };
		3CE1E2E6293391C500983467 /* SIDLButton.swift in Sources */ = {isa = PBXBuildFile; fileRef = 3CE1E2E5293391C500983467 /* SIDLButton.swift */; };
		3CE1E2E8293391C800983467 /* ILVButton.swift in Sources */ = {isa = PBXBuildFile; fileRef = 3CE1E2E7293391C800983467 /* ILVButton.swift */; };
		3CE1E2EA293391D900983467 /* ILHButton.swift in Sources */ = {isa = PBXBuildFile; fileRef = 3CE1E2E9293391D900983467 /* ILHButton.swift */; };
		3CE1E2EC2933920300983467 /* DLVButton.swift in Sources */ = {isa = PBXBuildFile; fileRef = 3CE1E2EB2933920300983467 /* DLVButton.swift */; };
		3CE1E2EE2933921E00983467 /* DLHButton.swift in Sources */ = {isa = PBXBuildFile; fileRef = 3CE1E2ED2933921E00983467 /* DLHButton.swift */; };
		3CE1E2F1293392EA00983467 /* BottomNav.swift in Sources */ = {isa = PBXBuildFile; fileRef = 3CE1E2F0293392EA00983467 /* BottomNav.swift */; };
		3CE1E2F32933934900983467 /* BaseView.swift in Sources */ = {isa = PBXBuildFile; fileRef = 3CE1E2F22933934900983467 /* BaseView.swift */; };
		3CE1E2F5293393E800983467 /* VVHButton.swift in Sources */ = {isa = PBXBuildFile; fileRef = 3CE1E2F4293393E800983467 /* VVHButton.swift */; };
		3CE1E2F82933946E00983467 /* PagerHeaderView.swift in Sources */ = {isa = PBXBuildFile; fileRef = 3CE1E2F72933946E00983467 /* PagerHeaderView.swift */; };
		3CE1E2FA2933947400983467 /* PagerIndexView.swift in Sources */ = {isa = PBXBuildFile; fileRef = 3CE1E2F92933947400983467 /* PagerIndexView.swift */; };
		3CE1E2FD2933973F00983467 /* LinearLayout.swift in Sources */ = {isa = PBXBuildFile; fileRef = 3CE1E2FC2933973F00983467 /* LinearLayout.swift */; };
		3CE1E30529339D9400983467 /* SnapkitExtension.swift in Sources */ = {isa = PBXBuildFile; fileRef = 3CE1E30429339D9400983467 /* SnapkitExtension.swift */; };
		3CE1E3072934833800983467 /* TabNav.swift in Sources */ = {isa = PBXBuildFile; fileRef = 3CE1E3062934833800983467 /* TabNav.swift */; };
		3CE1E3092934AA2800983467 /* BaseViewController.swift in Sources */ = {isa = PBXBuildFile; fileRef = 3CE1E3082934AA2800983467 /* BaseViewController.swift */; };
		3CE1E30B2934AAC700983467 /* UIViewControllerExtension.swift in Sources */ = {isa = PBXBuildFile; fileRef = 3CE1E30A2934AAC700983467 /* UIViewControllerExtension.swift */; };
		3CE1E30D2934CD8B00983467 /* ViewExtension.swift in Sources */ = {isa = PBXBuildFile; fileRef = 3CE1E30C2934CD8B00983467 /* ViewExtension.swift */; };
/* End PBXBuildFile section */

/* Begin PBXContainerItemProxy section */
		3CE1E2C129338D9800983467 /* PBXContainerItemProxy */ = {
			isa = PBXContainerItemProxy;
			containerPortal = 3CE1E2A229338D9100983467 /* Project object */;
			proxyType = 1;
			remoteGlobalIDString = 3CE1E2A929338D9100983467;
			remoteInfo = TemplateLab;
		};
		3CE1E2CB29338D9800983467 /* PBXContainerItemProxy */ = {
			isa = PBXContainerItemProxy;
			containerPortal = 3CE1E2A229338D9100983467 /* Project object */;
			proxyType = 1;
			remoteGlobalIDString = 3CE1E2A929338D9100983467;
			remoteInfo = TemplateLab;
		};
/* End PBXContainerItemProxy section */

/* Begin PBXFileReference section */
		3CE1E2AA29338D9100983467 /* TemplateLab.app */ = {isa = PBXFileReference; explicitFileType = wrapper.application; includeInIndex = 0; path = TemplateLab.app; sourceTree = BUILT_PRODUCTS_DIR; };
		3CE1E2AD29338D9100983467 /* AppDelegate.swift */ = {isa = PBXFileReference; lastKnownFileType = sourcecode.swift; path = AppDelegate.swift; sourceTree = "<group>"; };
		3CE1E2AF29338D9100983467 /* SceneDelegate.swift */ = {isa = PBXFileReference; lastKnownFileType = sourcecode.swift; path = SceneDelegate.swift; sourceTree = "<group>"; };
		3CE1E2B129338D9100983467 /* ViewController.swift */ = {isa = PBXFileReference; lastKnownFileType = sourcecode.swift; path = ViewController.swift; sourceTree = "<group>"; };
		3CE1E2B429338D9100983467 /* Base */ = {isa = PBXFileReference; lastKnownFileType = file.storyboard; name = Base; path = Base.lproj/Main.storyboard; sourceTree = "<group>"; };
		3CE1E2B629338D9800983467 /* Assets.xcassets */ = {isa = PBXFileReference; lastKnownFileType = folder.assetcatalog; path = Assets.xcassets; sourceTree = "<group>"; };
		3CE1E2B929338D9800983467 /* Base */ = {isa = PBXFileReference; lastKnownFileType = file.storyboard; name = Base; path = Base.lproj/LaunchScreen.storyboard; sourceTree = "<group>"; };
		3CE1E2BB29338D9800983467 /* Info.plist */ = {isa = PBXFileReference; lastKnownFileType = text.plist.xml; path = Info.plist; sourceTree = "<group>"; };
		3CE1E2C029338D9800983467 /* TemplateLabTests.xctest */ = {isa = PBXFileReference; explicitFileType = wrapper.cfbundle; includeInIndex = 0; path = TemplateLabTests.xctest; sourceTree = BUILT_PRODUCTS_DIR; };
		3CE1E2C429338D9800983467 /* TemplateLabTests.swift */ = {isa = PBXFileReference; lastKnownFileType = sourcecode.swift; path = TemplateLabTests.swift; sourceTree = "<group>"; };
		3CE1E2CA29338D9800983467 /* TemplateLabUITests.xctest */ = {isa = PBXFileReference; explicitFileType = wrapper.cfbundle; includeInIndex = 0; path = TemplateLabUITests.xctest; sourceTree = BUILT_PRODUCTS_DIR; };
		3CE1E2CE29338D9800983467 /* TemplateLabUITests.swift */ = {isa = PBXFileReference; lastKnownFileType = sourcecode.swift; path = TemplateLabUITests.swift; sourceTree = "<group>"; };
		3CE1E2D029338D9800983467 /* TemplateLabUITestsLaunchTests.swift */ = {isa = PBXFileReference; lastKnownFileType = sourcecode.swift; path = TemplateLabUITestsLaunchTests.swift; sourceTree = "<group>"; };
		3CE1E2E32933910900983467 /* SimpleVerticalListView.swift */ = {isa = PBXFileReference; lastKnownFileType = sourcecode.swift; path = SimpleVerticalListView.swift; sourceTree = "<group>"; };
		3CE1E2E5293391C500983467 /* SIDLButton.swift */ = {isa = PBXFileReference; lastKnownFileType = sourcecode.swift; path = SIDLButton.swift; sourceTree = "<group>"; };
		3CE1E2E7293391C800983467 /* ILVButton.swift */ = {isa = PBXFileReference; lastKnownFileType = sourcecode.swift; path = ILVButton.swift; sourceTree = "<group>"; };
		3CE1E2E9293391D900983467 /* ILHButton.swift */ = {isa = PBXFileReference; lastKnownFileType = sourcecode.swift; path = ILHButton.swift; sourceTree = "<group>"; };
		3CE1E2EB2933920300983467 /* DLVButton.swift */ = {isa = PBXFileReference; lastKnownFileType = sourcecode.swift; path = DLVButton.swift; sourceTree = "<group>"; };
		3CE1E2ED2933921E00983467 /* DLHButton.swift */ = {isa = PBXFileReference; lastKnownFileType = sourcecode.swift; path = DLHButton.swift; sourceTree = "<group>"; };
		3CE1E2F0293392EA00983467 /* BottomNav.swift */ = {isa = PBXFileReference; lastKnownFileType = sourcecode.swift; path = BottomNav.swift; sourceTree = "<group>"; };
		3CE1E2F22933934900983467 /* BaseView.swift */ = {isa = PBXFileReference; lastKnownFileType = sourcecode.swift; path = BaseView.swift; sourceTree = "<group>"; };
		3CE1E2F4293393E800983467 /* VVHButton.swift */ = {isa = PBXFileReference; lastKnownFileType = sourcecode.swift; path = VVHButton.swift; sourceTree = "<group>"; };
		3CE1E2F72933946E00983467 /* PagerHeaderView.swift */ = {isa = PBXFileReference; lastKnownFileType = sourcecode.swift; path = PagerHeaderView.swift; sourceTree = "<group>"; };
		3CE1E2F92933947400983467 /* PagerIndexView.swift */ = {isa = PBXFileReference; lastKnownFileType = sourcecode.swift; path = PagerIndexView.swift; sourceTree = "<group>"; };
		3CE1E2FC2933973F00983467 /* LinearLayout.swift */ = {isa = PBXFileReference; lastKnownFileType = sourcecode.swift; path = LinearLayout.swift; sourceTree = "<group>"; };
		3CE1E30429339D9400983467 /* SnapkitExtension.swift */ = {isa = PBXFileReference; lastKnownFileType = sourcecode.swift; path = SnapkitExtension.swift; sourceTree = "<group>"; };
		3CE1E3062934833800983467 /* TabNav.swift */ = {isa = PBXFileReference; lastKnownFileType = sourcecode.swift; path = TabNav.swift; sourceTree = "<group>"; };
		3CE1E3082934AA2800983467 /* BaseViewController.swift */ = {isa = PBXFileReference; lastKnownFileType = sourcecode.swift; path = BaseViewController.swift; sourceTree = "<group>"; };
		3CE1E30A2934AAC700983467 /* UIViewControllerExtension.swift */ = {isa = PBXFileReference; lastKnownFileType = sourcecode.swift; path = UIViewControllerExtension.swift; sourceTree = "<group>"; };
		3CE1E30C2934CD8B00983467 /* ViewExtension.swift */ = {isa = PBXFileReference; lastKnownFileType = sourcecode.swift; path = ViewExtension.swift; sourceTree = "<group>"; };
/* End PBXFileReference section */

/* Begin PBXFrameworksBuildPhase section */
		3CE1E2A729338D9100983467 /* Frameworks */ = {
			isa = PBXFrameworksBuildPhase;
			buildActionMask = 2147483647;
			files = (
				3C4879C2293512F10088120E /* SnapKit in Frameworks */,
				3CE1E2DF29338F5D00983467 /* Alamofire in Frameworks */,
			);
			runOnlyForDeploymentPostprocessing = 0;
		};
		3CE1E2BD29338D9800983467 /* Frameworks */ = {
			isa = PBXFrameworksBuildPhase;
			buildActionMask = 2147483647;
			files = (
			);
			runOnlyForDeploymentPostprocessing = 0;
		};
		3CE1E2C729338D9800983467 /* Frameworks */ = {
			isa = PBXFrameworksBuildPhase;
			buildActionMask = 2147483647;
			files = (
			);
			runOnlyForDeploymentPostprocessing = 0;
		};
/* End PBXFrameworksBuildPhase section */

/* Begin PBXGroup section */
		3A7951089E7EAA0B11E761A2 /* Pods */ = {
			isa = PBXGroup;
			children = (
			);
			path = Pods;
			sourceTree = "<group>";
		};
		3CE1E2A129338D9100983467 = {
			isa = PBXGroup;
			children = (
				3CE1E2AC29338D9100983467 /* TemplateLab */,
				3CE1E2C329338D9800983467 /* TemplateLabTests */,
				3CE1E2CD29338D9800983467 /* TemplateLabUITests */,
				3CE1E2AB29338D9100983467 /* Products */,
				3A7951089E7EAA0B11E761A2 /* Pods */,
			);
			sourceTree = "<group>";
		};
		3CE1E2AB29338D9100983467 /* Products */ = {
			isa = PBXGroup;
			children = (
				3CE1E2AA29338D9100983467 /* TemplateLab.app */,
				3CE1E2C029338D9800983467 /* TemplateLabTests.xctest */,
				3CE1E2CA29338D9800983467 /* TemplateLabUITests.xctest */,
			);
			name = Products;
			sourceTree = "<group>";
		};
		3CE1E2AC29338D9100983467 /* TemplateLab */ = {
			isa = PBXGroup;
			children = (
				3CE1E30329339D8600983467 /* Extension */,
				3CE1E2E0293390AB00983467 /* UI */,
				3CE1E2AD29338D9100983467 /* AppDelegate.swift */,
				3CE1E2AF29338D9100983467 /* SceneDelegate.swift */,
				3CE1E2B129338D9100983467 /* ViewController.swift */,
				3CE1E3082934AA2800983467 /* BaseViewController.swift */,
				3CE1E2B329338D9100983467 /* Main.storyboard */,
				3CE1E2B629338D9800983467 /* Assets.xcassets */,
				3CE1E2B829338D9800983467 /* LaunchScreen.storyboard */,
				3CE1E2BB29338D9800983467 /* Info.plist */,
			);
			path = TemplateLab;
			sourceTree = "<group>";
		};
		3CE1E2C329338D9800983467 /* TemplateLabTests */ = {
			isa = PBXGroup;
			children = (
				3CE1E2C429338D9800983467 /* TemplateLabTests.swift */,
			);
			path = TemplateLabTests;
			sourceTree = "<group>";
		};
		3CE1E2CD29338D9800983467 /* TemplateLabUITests */ = {
			isa = PBXGroup;
			children = (
				3CE1E2CE29338D9800983467 /* TemplateLabUITests.swift */,
				3CE1E2D029338D9800983467 /* TemplateLabUITestsLaunchTests.swift */,
			);
			path = TemplateLabUITests;
			sourceTree = "<group>";
		};
		3CE1E2E0293390AB00983467 /* UI */ = {
			isa = PBXGroup;
			children = (
				3CE1E2FB2933973400983467 /* Layout */,
				3CE1E2F62933946300983467 /* Pager */,
				3CE1E2EF293392D600983467 /* Navs */,
				3CE1E2E2293390B700983467 /* Buttons */,
				3CE1E2E1293390B000983467 /* List */,
				3CE1E2F22933934900983467 /* BaseView.swift */,
			);
			path = UI;
			sourceTree = "<group>";
		};
		3CE1E2E1293390B000983467 /* List */ = {
			isa = PBXGroup;
			children = (
				3CE1E2E32933910900983467 /* SimpleVerticalListView.swift */,
			);
			path = List;
			sourceTree = "<group>";
		};
		3CE1E2E2293390B700983467 /* Buttons */ = {
			isa = PBXGroup;
			children = (
				3CE1E2E7293391C800983467 /* ILVButton.swift */,
				3CE1E2E9293391D900983467 /* ILHButton.swift */,
				3CE1E2F4293393E800983467 /* VVHButton.swift */,
				3CE1E2EB2933920300983467 /* DLVButton.swift */,
				3CE1E2ED2933921E00983467 /* DLHButton.swift */,
				3CE1E2E5293391C500983467 /* SIDLButton.swift */,
			);
			path = Buttons;
			sourceTree = "<group>";
		};
		3CE1E2EF293392D600983467 /* Navs */ = {
			isa = PBXGroup;
			children = (
				3CE1E3062934833800983467 /* TabNav.swift */,
				3CE1E2F0293392EA00983467 /* BottomNav.swift */,
			);
			path = Navs;
			sourceTree = "<group>";
		};
		3CE1E2F62933946300983467 /* Pager */ = {
			isa = PBXGroup;
			children = (
				3CE1E2F92933947400983467 /* PagerIndexView.swift */,
				3CE1E2F72933946E00983467 /* PagerHeaderView.swift */,
			);
			path = Pager;
			sourceTree = "<group>";
		};
		3CE1E2FB2933973400983467 /* Layout */ = {
			isa = PBXGroup;
			children = (
				3CE1E2FC2933973F00983467 /* LinearLayout.swift */,
			);
			path = Layout;
			sourceTree = "<group>";
		};
		3CE1E30329339D8600983467 /* Extension */ = {
			isa = PBXGroup;
			children = (
				3CE1E30C2934CD8B00983467 /* ViewExtension.swift */,
				3CE1E30429339D9400983467 /* SnapkitExtension.swift */,
				3CE1E30A2934AAC700983467 /* UIViewControllerExtension.swift */,
			);
			path = Extension;
			sourceTree = "<group>";
		};
/* End PBXGroup section */

/* Begin PBXNativeTarget section */
		3CE1E2A929338D9100983467 /* TemplateLab */ = {
			isa = PBXNativeTarget;
			buildConfigurationList = 3CE1E2D429338D9800983467 /* Build configuration list for PBXNativeTarget "TemplateLab" */;
			buildPhases = (
				3CE1E2A629338D9100983467 /* Sources */,
				3CE1E2A729338D9100983467 /* Frameworks */,
				3CE1E2A829338D9100983467 /* Resources */,
			);
			buildRules = (
			);
			dependencies = (
			);
			name = TemplateLab;
			packageProductDependencies = (
				3CE1E2DE29338F5D00983467 /* Alamofire */,
				3C4879C1293512F10088120E /* SnapKit */,
			);
			productName = TemplateLab;
			productReference = 3CE1E2AA29338D9100983467 /* TemplateLab.app */;
			productType = "com.apple.product-type.application";
		};
		3CE1E2BF29338D9800983467 /* TemplateLabTests */ = {
			isa = PBXNativeTarget;
			buildConfigurationList = 3CE1E2D729338D9800983467 /* Build configuration list for PBXNativeTarget "TemplateLabTests" */;
			buildPhases = (
				3CE1E2BC29338D9800983467 /* Sources */,
				3CE1E2BD29338D9800983467 /* Frameworks */,
				3CE1E2BE29338D9800983467 /* Resources */,
			);
			buildRules = (
			);
			dependencies = (
				3CE1E2C229338D9800983467 /* PBXTargetDependency */,
			);
			name = TemplateLabTests;
			productName = TemplateLabTests;
			productReference = 3CE1E2C029338D9800983467 /* TemplateLabTests.xctest */;
			productType = "com.apple.product-type.bundle.unit-test";
		};
		3CE1E2C929338D9800983467 /* TemplateLabUITests */ = {
			isa = PBXNativeTarget;
			buildConfigurationList = 3CE1E2DA29338D9800983467 /* Build configuration list for PBXNativeTarget "TemplateLabUITests" */;
			buildPhases = (
				3CE1E2C629338D9800983467 /* Sources */,
				3CE1E2C729338D9800983467 /* Frameworks */,
				3CE1E2C829338D9800983467 /* Resources */,
			);
			buildRules = (
			);
			dependencies = (
				3CE1E2CC29338D9800983467 /* PBXTargetDependency */,
			);
			name = TemplateLabUITests;
			productName = TemplateLabUITests;
			productReference = 3CE1E2CA29338D9800983467 /* TemplateLabUITests.xctest */;
			productType = "com.apple.product-type.bundle.ui-testing";
		};
/* End PBXNativeTarget section */

/* Begin PBXProject section */
		3CE1E2A229338D9100983467 /* Project object */ = {
			isa = PBXProject;
			attributes = {
				BuildIndependentTargetsInParallel = 1;
				LastSwiftUpdateCheck = 1410;
				LastUpgradeCheck = 1410;
				TargetAttributes = {
					3CE1E2A929338D9100983467 = {
						CreatedOnToolsVersion = 14.1;
					};
					3CE1E2BF29338D9800983467 = {
						CreatedOnToolsVersion = 14.1;
						TestTargetID = 3CE1E2A929338D9100983467;
					};
					3CE1E2C929338D9800983467 = {
						CreatedOnToolsVersion = 14.1;
						TestTargetID = 3CE1E2A929338D9100983467;
					};
				};
			};
			buildConfigurationList = 3CE1E2A529338D9100983467 /* Build configuration list for PBXProject "TemplateLab" */;
			compatibilityVersion = "Xcode 14.0";
			developmentRegion = en;
			hasScannedForEncodings = 0;
			knownRegions = (
				en,
				Base,
			);
			mainGroup = 3CE1E2A129338D9100983467;
			packageReferences = (
				3CE1E2DD29338F5D00983467 /* XCRemoteSwiftPackageReference "Alamofire.git" */,
				3C4879C0293512F10088120E /* XCRemoteSwiftPackageReference "SnapKit.git" */,
			);
			productRefGroup = 3CE1E2AB29338D9100983467 /* Products */;
			projectDirPath = "";
			projectRoot = "";
			targets = (
				3CE1E2A929338D9100983467 /* TemplateLab */,
				3CE1E2BF29338D9800983467 /* TemplateLabTests */,
				3CE1E2C929338D9800983467 /* TemplateLabUITests */,
			);
		};
/* End PBXProject section */

/* Begin PBXResourcesBuildPhase section */
		3CE1E2A829338D9100983467 /* Resources */ = {
			isa = PBXResourcesBuildPhase;
			buildActionMask = 2147483647;
			files = (
				3CE1E2BA29338D9800983467 /* LaunchScreen.storyboard in Resources */,
				3CE1E2B729338D9800983467 /* Assets.xcassets in Resources */,
				3CE1E2B529338D9100983467 /* Main.storyboard in Resources */,
			);
			runOnlyForDeploymentPostprocessing = 0;
		};
		3CE1E2BE29338D9800983467 /* Resources */ = {
			isa = PBXResourcesBuildPhase;
			buildActionMask = 2147483647;
			files = (
			);
			runOnlyForDeploymentPostprocessing = 0;
		};
		3CE1E2C829338D9800983467 /* Resources */ = {
			isa = PBXResourcesBuildPhase;
			buildActionMask = 2147483647;
			files = (
			);
			runOnlyForDeploymentPostprocessing = 0;
		};
/* End PBXResourcesBuildPhase section */

/* Begin PBXSourcesBuildPhase section */
		3CE1E2A629338D9100983467 /* Sources */ = {
			isa = PBXSourcesBuildPhase;
			buildActionMask = 2147483647;
			files = (
				3CE1E2F1293392EA00983467 /* BottomNav.swift in Sources */,
				3CE1E2FA2933947400983467 /* PagerIndexView.swift in Sources */,
				3CE1E2FD2933973F00983467 /* LinearLayout.swift in Sources */,
				3CE1E2B229338D9100983467 /* ViewController.swift in Sources */,
				3CE1E2EE2933921E00983467 /* DLHButton.swift in Sources */,
				3CE1E2F5293393E800983467 /* VVHButton.swift in Sources */,
				3CE1E2E8293391C800983467 /* ILVButton.swift in Sources */,
				3CE1E2AE29338D9100983467 /* AppDelegate.swift in Sources */,
				3CE1E30529339D9400983467 /* SnapkitExtension.swift in Sources */,
				3CE1E2EC2933920300983467 /* DLVButton.swift in Sources */,
				3CE1E2E42933910900983467 /* SimpleVerticalListView.swift in Sources */,
				3CE1E3072934833800983467 /* TabNav.swift in Sources */,
				3CE1E2EA293391D900983467 /* ILHButton.swift in Sources */,
				3CE1E2E6293391C500983467 /* SIDLButton.swift in Sources */,
				3CE1E30D2934CD8B00983467 /* ViewExtension.swift in Sources */,
				3CE1E2F32933934900983467 /* BaseView.swift in Sources */,
				3CE1E2F82933946E00983467 /* PagerHeaderView.swift in Sources */,
				3CE1E30B2934AAC700983467 /* UIViewControllerExtension.swift in Sources */,
				3CE1E3092934AA2800983467 /* BaseViewController.swift in Sources */,
				3CE1E2B029338D9100983467 /* SceneDelegate.swift in Sources */,
			);
			runOnlyForDeploymentPostprocessing = 0;
		};
		3CE1E2BC29338D9800983467 /* Sources */ = {
			isa = PBXSourcesBuildPhase;
			buildActionMask = 2147483647;
			files = (
				3CE1E2C529338D9800983467 /* TemplateLabTests.swift in Sources */,
			);
			runOnlyForDeploymentPostprocessing = 0;
		};
		3CE1E2C629338D9800983467 /* Sources */ = {
			isa = PBXSourcesBuildPhase;
			buildActionMask = 2147483647;
			files = (
				3CE1E2D129338D9800983467 /* TemplateLabUITestsLaunchTests.swift in Sources */,
				3CE1E2CF29338D9800983467 /* TemplateLabUITests.swift in Sources */,
			);
			runOnlyForDeploymentPostprocessing = 0;
		};
/* End PBXSourcesBuildPhase section */

/* Begin PBXTargetDependency section */
		3CE1E2C229338D9800983467 /* PBXTargetDependency */ = {
			isa = PBXTargetDependency;
			target = 3CE1E2A929338D9100983467 /* TemplateLab */;
			targetProxy = 3CE1E2C129338D9800983467 /* PBXContainerItemProxy */;
		};
		3CE1E2CC29338D9800983467 /* PBXTargetDependency */ = {
			isa = PBXTargetDependency;
			target = 3CE1E2A929338D9100983467 /* TemplateLab */;
			targetProxy = 3CE1E2CB29338D9800983467 /* PBXContainerItemProxy */;
		};
/* End PBXTargetDependency section */

/* Begin PBXVariantGroup section */
		3CE1E2B329338D9100983467 /* Main.storyboard */ = {
			isa = PBXVariantGroup;
			children = (
				3CE1E2B429338D9100983467 /* Base */,
			);
			name = Main.storyboard;
			sourceTree = "<group>";
		};
		3CE1E2B829338D9800983467 /* LaunchScreen.storyboard */ = {
			isa = PBXVariantGroup;
			children = (
				3CE1E2B929338D9800983467 /* Base */,
			);
			name = LaunchScreen.storyboard;
			sourceTree = "<group>";
		};
/* End PBXVariantGroup section */

/* Begin XCBuildConfiguration section */
		3CE1E2D229338D9800983467 /* Debug */ = {
			isa = XCBuildConfiguration;
			buildSettings = {
				ALWAYS_SEARCH_USER_PATHS = NO;
				CLANG_ANALYZER_NONNULL = YES;
				CLANG_ANALYZER_NUMBER_OBJECT_CONVERSION = YES_AGGRESSIVE;
				CLANG_CXX_LANGUAGE_STANDARD = "gnu++20";
				CLANG_ENABLE_MODULES = YES;
				CLANG_ENABLE_OBJC_ARC = YES;
				CLANG_ENABLE_OBJC_WEAK = YES;
				CLANG_WARN_BLOCK_CAPTURE_AUTORELEASING = YES;
				CLANG_WARN_BOOL_CONVERSION = YES;
				CLANG_WARN_COMMA = YES;
				CLANG_WARN_CONSTANT_CONVERSION = YES;
				CLANG_WARN_DEPRECATED_OBJC_IMPLEMENTATIONS = YES;
				CLANG_WARN_DIRECT_OBJC_ISA_USAGE = YES_ERROR;
				CLANG_WARN_DOCUMENTATION_COMMENTS = YES;
				CLANG_WARN_EMPTY_BODY = YES;
				CLANG_WARN_ENUM_CONVERSION = YES;
				CLANG_WARN_INFINITE_RECURSION = YES;
				CLANG_WARN_INT_CONVERSION = YES;
				CLANG_WARN_NON_LITERAL_NULL_CONVERSION = YES;
				CLANG_WARN_OBJC_IMPLICIT_RETAIN_SELF = YES;
				CLANG_WARN_OBJC_LITERAL_CONVERSION = YES;
				CLANG_WARN_OBJC_ROOT_CLASS = YES_ERROR;
				CLANG_WARN_QUOTED_INCLUDE_IN_FRAMEWORK_HEADER = YES;
				CLANG_WARN_RANGE_LOOP_ANALYSIS = YES;
				CLANG_WARN_STRICT_PROTOTYPES = YES;
				CLANG_WARN_SUSPICIOUS_MOVE = YES;
				CLANG_WARN_UNGUARDED_AVAILABILITY = YES_AGGRESSIVE;
				CLANG_WARN_UNREACHABLE_CODE = YES;
				CLANG_WARN__DUPLICATE_METHOD_MATCH = YES;
				COPY_PHASE_STRIP = NO;
				DEBUG_INFORMATION_FORMAT = dwarf;
				ENABLE_STRICT_OBJC_MSGSEND = YES;
				ENABLE_TESTABILITY = YES;
				GCC_C_LANGUAGE_STANDARD = gnu11;
				GCC_DYNAMIC_NO_PIC = NO;
				GCC_NO_COMMON_BLOCKS = YES;
				GCC_OPTIMIZATION_LEVEL = 0;
				GCC_PREPROCESSOR_DEFINITIONS = (
					"DEBUG=1",
					"$(inherited)",
				);
				GCC_WARN_64_TO_32_BIT_CONVERSION = YES;
				GCC_WARN_ABOUT_RETURN_TYPE = YES_ERROR;
				GCC_WARN_UNDECLARED_SELECTOR = YES;
				GCC_WARN_UNINITIALIZED_AUTOS = YES_AGGRESSIVE;
				GCC_WARN_UNUSED_FUNCTION = YES;
				GCC_WARN_UNUSED_VARIABLE = YES;
				IPHONEOS_DEPLOYMENT_TARGET = 16.1;
				MTL_ENABLE_DEBUG_INFO = INCLUDE_SOURCE;
				MTL_FAST_MATH = YES;
				ONLY_ACTIVE_ARCH = YES;
				SDKROOT = iphoneos;
				SWIFT_ACTIVE_COMPILATION_CONDITIONS = DEBUG;
				SWIFT_OPTIMIZATION_LEVEL = "-Onone";
			};
			name = Debug;
		};
		3CE1E2D329338D9800983467 /* Release */ = {
			isa = XCBuildConfiguration;
			buildSettings = {
				ALWAYS_SEARCH_USER_PATHS = NO;
				CLANG_ANALYZER_NONNULL = YES;
				CLANG_ANALYZER_NUMBER_OBJECT_CONVERSION = YES_AGGRESSIVE;
				CLANG_CXX_LANGUAGE_STANDARD = "gnu++20";
				CLANG_ENABLE_MODULES = YES;
				CLANG_ENABLE_OBJC_ARC = YES;
				CLANG_ENABLE_OBJC_WEAK = YES;
				CLANG_WARN_BLOCK_CAPTURE_AUTORELEASING = YES;
				CLANG_WARN_BOOL_CONVERSION = YES;
				CLANG_WARN_COMMA = YES;
				CLANG_WARN_CONSTANT_CONVERSION = YES;
				CLANG_WARN_DEPRECATED_OBJC_IMPLEMENTATIONS = YES;
				CLANG_WARN_DIRECT_OBJC_ISA_USAGE = YES_ERROR;
				CLANG_WARN_DOCUMENTATION_COMMENTS = YES;
				CLANG_WARN_EMPTY_BODY = YES;
				CLANG_WARN_ENUM_CONVERSION = YES;
				CLANG_WARN_INFINITE_RECURSION = YES;
				CLANG_WARN_INT_CONVERSION = YES;
				CLANG_WARN_NON_LITERAL_NULL_CONVERSION = YES;
				CLANG_WARN_OBJC_IMPLICIT_RETAIN_SELF = YES;
				CLANG_WARN_OBJC_LITERAL_CONVERSION = YES;
				CLANG_WARN_OBJC_ROOT_CLASS = YES_ERROR;
				CLANG_WARN_QUOTED_INCLUDE_IN_FRAMEWORK_HEADER = YES;
				CLANG_WARN_RANGE_LOOP_ANALYSIS = YES;
				CLANG_WARN_STRICT_PROTOTYPES = YES;
				CLANG_WARN_SUSPICIOUS_MOVE = YES;
				CLANG_WARN_UNGUARDED_AVAILABILITY = YES_AGGRESSIVE;
				CLANG_WARN_UNREACHABLE_CODE = YES;
				CLANG_WARN__DUPLICATE_METHOD_MATCH = YES;
				COPY_PHASE_STRIP = NO;
				DEBUG_INFORMATION_FORMAT = "dwarf-with-dsym";
				ENABLE_NS_ASSERTIONS = NO;
				ENABLE_STRICT_OBJC_MSGSEND = YES;
				GCC_C_LANGUAGE_STANDARD = gnu11;
				GCC_NO_COMMON_BLOCKS = YES;
				GCC_WARN_64_TO_32_BIT_CONVERSION = YES;
				GCC_WARN_ABOUT_RETURN_TYPE = YES_ERROR;
				GCC_WARN_UNDECLARED_SELECTOR = YES;
				GCC_WARN_UNINITIALIZED_AUTOS = YES_AGGRESSIVE;
				GCC_WARN_UNUSED_FUNCTION = YES;
				GCC_WARN_UNUSED_VARIABLE = YES;
				IPHONEOS_DEPLOYMENT_TARGET = 16.1;
				MTL_ENABLE_DEBUG_INFO = NO;
				MTL_FAST_MATH = YES;
				SDKROOT = iphoneos;
				SWIFT_COMPILATION_MODE = wholemodule;
				SWIFT_OPTIMIZATION_LEVEL = "-O";
				VALIDATE_PRODUCT = YES;
			};
			name = Release;
		};
		3CE1E2D529338D9800983467 /* Debug */ = {
			isa = XCBuildConfiguration;
			buildSettings = {
				ASSETCATALOG_COMPILER_APPICON_NAME = AppIcon;
				ASSETCATALOG_COMPILER_GLOBAL_ACCENT_COLOR_NAME = AccentColor;
				CODE_SIGN_STYLE = Automatic;
				CURRENT_PROJECT_VERSION = 1;
				DEVELOPMENT_TEAM = 3X7NAS5X26;
				GENERATE_INFOPLIST_FILE = YES;
				INFOPLIST_FILE = TemplateLab/Info.plist;
				INFOPLIST_KEY_UIApplicationSupportsIndirectInputEvents = YES;
				INFOPLIST_KEY_UILaunchStoryboardName = LaunchScreen;
				INFOPLIST_KEY_UIMainStoryboardFile = Main;
				INFOPLIST_KEY_UISupportedInterfaceOrientations = "UIInterfaceOrientationLandscapeLeft UIInterfaceOrientationLandscapeRight UIInterfaceOrientationPortrait";
				INFOPLIST_KEY_UISupportedInterfaceOrientations_iPad = "UIInterfaceOrientationLandscapeLeft UIInterfaceOrientationLandscapeRight UIInterfaceOrientationPortrait UIInterfaceOrientationPortraitUpsideDown";
				LD_RUNPATH_SEARCH_PATHS = (
					"$(inherited)",
					"@executable_path/Frameworks",
				);
				MARKETING_VERSION = 1.0;
				PRODUCT_BUNDLE_IDENTIFIER = inforest.dev.TemplateLab;
				PRODUCT_NAME = "$(TARGET_NAME)";
				SUPPORTED_PLATFORMS = "iphoneos iphonesimulator";
				SUPPORTS_MACCATALYST = NO;
				SUPPORTS_MAC_DESIGNED_FOR_IPHONE_IPAD = NO;
				SWIFT_EMIT_LOC_STRINGS = YES;
				SWIFT_VERSION = 5.0;
				TARGETED_DEVICE_FAMILY = 1;
			};
			name = Debug;
		};
		3CE1E2D629338D9800983467 /* Release */ = {
			isa = XCBuildConfiguration;
			buildSettings = {
				ASSETCATALOG_COMPILER_APPICON_NAME = AppIcon;
				ASSETCATALOG_COMPILER_GLOBAL_ACCENT_COLOR_NAME = AccentColor;
				CODE_SIGN_STYLE = Automatic;
				CURRENT_PROJECT_VERSION = 1;
				DEVELOPMENT_TEAM = 3X7NAS5X26;
				GENERATE_INFOPLIST_FILE = YES;
				INFOPLIST_FILE = TemplateLab/Info.plist;
				INFOPLIST_KEY_UIApplicationSupportsIndirectInputEvents = YES;
				INFOPLIST_KEY_UILaunchStoryboardName = LaunchScreen;
				INFOPLIST_KEY_UIMainStoryboardFile = Main;
				INFOPLIST_KEY_UISupportedInterfaceOrientations = "UIInterfaceOrientationLandscapeLeft UIInterfaceOrientationLandscapeRight UIInterfaceOrientationPortrait";
				INFOPLIST_KEY_UISupportedInterfaceOrientations_iPad = "UIInterfaceOrientationLandscapeLeft UIInterfaceOrientationLandscapeRight UIInterfaceOrientationPortrait UIInterfaceOrientationPortraitUpsideDown";
				LD_RUNPATH_SEARCH_PATHS = (
					"$(inherited)",
					"@executable_path/Frameworks",
				);
				MARKETING_VERSION = 1.0;
				PRODUCT_BUNDLE_IDENTIFIER = inforest.dev.TemplateLab;
				PRODUCT_NAME = "$(TARGET_NAME)";
				SUPPORTED_PLATFORMS = "iphoneos iphonesimulator";
				SUPPORTS_MACCATALYST = NO;
				SUPPORTS_MAC_DESIGNED_FOR_IPHONE_IPAD = NO;
				SWIFT_EMIT_LOC_STRINGS = YES;
				SWIFT_VERSION = 5.0;
				TARGETED_DEVICE_FAMILY = 1;
			};
			name = Release;
		};
		3CE1E2D829338D9800983467 /* Debug */ = {
			isa = XCBuildConfiguration;
			buildSettings = {
				ALWAYS_EMBED_SWIFT_STANDARD_LIBRARIES = YES;
				BUNDLE_LOADER = "$(TEST_HOST)";
				CODE_SIGN_STYLE = Automatic;
				CURRENT_PROJECT_VERSION = 1;
				DEVELOPMENT_TEAM = 9ZMYJ868Z4;
				GENERATE_INFOPLIST_FILE = YES;
				IPHONEOS_DEPLOYMENT_TARGET = 16.1;
				MARKETING_VERSION = 1.0;
				PRODUCT_BUNDLE_IDENTIFIER = inforest.dev.TemplateLabTests;
				PRODUCT_NAME = "$(TARGET_NAME)";
				SWIFT_EMIT_LOC_STRINGS = NO;
				SWIFT_VERSION = 5.0;
				TARGETED_DEVICE_FAMILY = "1,2";
				TEST_HOST = "$(BUILT_PRODUCTS_DIR)/TemplateLab.app/$(BUNDLE_EXECUTABLE_FOLDER_PATH)/TemplateLab";
			};
			name = Debug;
		};
		3CE1E2D929338D9800983467 /* Release */ = {
			isa = XCBuildConfiguration;
			buildSettings = {
				ALWAYS_EMBED_SWIFT_STANDARD_LIBRARIES = YES;
				BUNDLE_LOADER = "$(TEST_HOST)";
				CODE_SIGN_STYLE = Automatic;
				CURRENT_PROJECT_VERSION = 1;
				DEVELOPMENT_TEAM = 9ZMYJ868Z4;
				GENERATE_INFOPLIST_FILE = YES;
				IPHONEOS_DEPLOYMENT_TARGET = 16.1;
				MARKETING_VERSION = 1.0;
				PRODUCT_BUNDLE_IDENTIFIER = inforest.dev.TemplateLabTests;
				PRODUCT_NAME = "$(TARGET_NAME)";
				SWIFT_EMIT_LOC_STRINGS = NO;
				SWIFT_VERSION = 5.0;
				TARGETED_DEVICE_FAMILY = "1,2";
				TEST_HOST = "$(BUILT_PRODUCTS_DIR)/TemplateLab.app/$(BUNDLE_EXECUTABLE_FOLDER_PATH)/TemplateLab";
			};
			name = Release;
		};
		3CE1E2DB29338D9800983467 /* Debug */ = {
			isa = XCBuildConfiguration;
			buildSettings = {
				ALWAYS_EMBED_SWIFT_STANDARD_LIBRARIES = YES;
				CODE_SIGN_STYLE = Automatic;
				CURRENT_PROJECT_VERSION = 1;
				DEVELOPMENT_TEAM = 9ZMYJ868Z4;
				GENERATE_INFOPLIST_FILE = YES;
				MARKETING_VERSION = 1.0;
				PRODUCT_BUNDLE_IDENTIFIER = inforest.dev.TemplateLabUITests;
				PRODUCT_NAME = "$(TARGET_NAME)";
				SWIFT_EMIT_LOC_STRINGS = NO;
				SWIFT_VERSION = 5.0;
				TARGETED_DEVICE_FAMILY = "1,2";
				TEST_TARGET_NAME = TemplateLab;
			};
			name = Debug;
		};
		3CE1E2DC29338D9800983467 /* Release */ = {
			isa = XCBuildConfiguration;
			buildSettings = {
				ALWAYS_EMBED_SWIFT_STANDARD_LIBRARIES = YES;
				CODE_SIGN_STYLE = Automatic;
				CURRENT_PROJECT_VERSION = 1;
				DEVELOPMENT_TEAM = 9ZMYJ868Z4;
				GENERATE_INFOPLIST_FILE = YES;
				MARKETING_VERSION = 1.0;
				PRODUCT_BUNDLE_IDENTIFIER = inforest.dev.TemplateLabUITests;
				PRODUCT_NAME = "$(TARGET_NAME)";
				SWIFT_EMIT_LOC_STRINGS = NO;
				SWIFT_VERSION = 5.0;
				TARGETED_DEVICE_FAMILY = "1,2";
				TEST_TARGET_NAME = TemplateLab;
			};
			name = Release;
		};
/* End XCBuildConfiguration section */

/* Begin XCConfigurationList section */
		3CE1E2A529338D9100983467 /* Build configuration list for PBXProject "TemplateLab" */ = {
			isa = XCConfigurationList;
			buildConfigurations = (
				3CE1E2D229338D9800983467 /* Debug */,
				3CE1E2D329338D9800983467 /* Release */,
			);
			defaultConfigurationIsVisible = 0;
			defaultConfigurationName = Release;
		};
		3CE1E2D429338D9800983467 /* Build configuration list for PBXNativeTarget "TemplateLab" */ = {
			isa = XCConfigurationList;
			buildConfigurations = (
				3CE1E2D529338D9800983467 /* Debug */,
				3CE1E2D629338D9800983467 /* Release */,
			);
			defaultConfigurationIsVisible = 0;
			defaultConfigurationName = Release;
		};
		3CE1E2D729338D9800983467 /* Build configuration list for PBXNativeTarget "TemplateLabTests" */ = {
			isa = XCConfigurationList;
			buildConfigurations = (
				3CE1E2D829338D9800983467 /* Debug */,
				3CE1E2D929338D9800983467 /* Release */,
			);
			defaultConfigurationIsVisible = 0;
			defaultConfigurationName = Release;
		};
		3CE1E2DA29338D9800983467 /* Build configuration list for PBXNativeTarget "TemplateLabUITests" */ = {
			isa = XCConfigurationList;
			buildConfigurations = (
				3CE1E2DB29338D9800983467 /* Debug */,
				3CE1E2DC29338D9800983467 /* Release */,
			);
			defaultConfigurationIsVisible = 0;
			defaultConfigurationName = Release;
		};
/* End XCConfigurationList section */

/* Begin XCRemoteSwiftPackageReference section */
		3C4879C0293512F10088120E /* XCRemoteSwiftPackageReference "SnapKit.git" */ = {
			isa = XCRemoteSwiftPackageReference;
			repositoryURL = "https://github.com/SnapKit/SnapKit.git";
			requirement = {
				kind = upToNextMajorVersion;
				minimumVersion = 5.0.1;
			};
		};
		3CE1E2DD29338F5D00983467 /* XCRemoteSwiftPackageReference "Alamofire.git" */ = {
			isa = XCRemoteSwiftPackageReference;
			repositoryURL = "https://github.com/Alamofire/Alamofire.git";
			requirement = {
				kind = upToNextMajorVersion;
				minimumVersion = 5.6.1;
			};
		};
/* End XCRemoteSwiftPackageReference section */

/* Begin XCSwiftPackageProductDependency section */
		3C4879C1293512F10088120E /* SnapKit */ = {
			isa = XCSwiftPackageProductDependency;
			package = 3C4879C0293512F10088120E /* XCRemoteSwiftPackageReference "SnapKit.git" */;
			productName = SnapKit;
		};
		3CE1E2DE29338F5D00983467 /* Alamofire */ = {
			isa = XCSwiftPackageProductDependency;
			package = 3CE1E2DD29338F5D00983467 /* XCRemoteSwiftPackageReference "Alamofire.git" */;
			productName = Alamofire;
		};
/* End XCSwiftPackageProductDependency section */
	};
	rootObject = 3CE1E2A229338D9100983467 /* Project object */;
}
